
Microsoft Visual Studio Solution File, Format Version 12.00
# Visual Studio 14
VisualStudioVersion = 14.0.24720.0
MinimumVisualStudioVersion = 10.0.40219.1
Project("{8BC9CEB8-8B4A-11D0-8D11-00A0C91BC942}") = "TaskbarContextMenuTweaker", "TaskbarContextMenuTweaker\TaskbarContextMenuTweaker.vcxproj", "{B9BB6A85-6F4D-4DE1-B55C-0413650B076A}"
EndProject
Global
	GlobalSection(SolutionConfigurationPlatforms) = preSolution
		Debug|x64 = Debug|x64
		Debug|x86 = Debug|x86
		Release|x64 = Release|x64
		Release|x86 = Release|x86
	EndGlobalSection
	GlobalSection(ProjectConfigurationPlatforms) = postSolution
		{B9BB6A85-6F4D-4DE1-B55C-0413650B076A}.Debug|x64.ActiveCfg = Debug|x64
		{B9BB6A85-6F4D-4DE1-B55C-0413650B076A}.Debug|x64.Build.0 = Debug|x64
		{B9BB6A85-6F4D-4DE1-B55C-0413650B076A}.Debug|x86.ActiveCfg = Debug|Win32
		{B9BB6A85-6F4D-4DE1-B55C-0413650B076A}.Debug|x86.Build.0 = Debug|Win32
		{B9BB6A85-6F4D-4DE1-B55C-0413650B076A}.Release|x64.ActiveCfg = Release|x64
		{B9BB6A85-6F4D-4DE1-B55C-0413650B076A}.Release|x64.Build.0 = Release|x64
		{B9BB6A85-6F4D-4DE1-B55C-0413650B076A}.Release|x86.ActiveCfg = Release|Win32
		{B9BB6A85-6F4D-4DE1-B55C-0413650B076A}.Release|x86.Build.0 = Release|Win32
	EndGlobalSection
	GlobalSection(SolutionProperties) = preSolution
		HideSolutionNode = FALSE
	EndGlobalSection
EndGlobal
